// !$*UTF8*$!
{
	archiveVersion = 1;
	classes = {
	};
	objectVersion = 46;
	objects = {

/* Begin PBXBuildFile section */
		4936CC071E6FBE1E0001C2B1 /* TableViewCell2.swift in Sources */ = {isa = PBXBuildFile; fileRef = 4936CC051E6FBE1E0001C2B1 /* TableViewCell2.swift */; };
		4936CC081E6FBE1E0001C2B1 /* TableViewCell2.xib in Resources */ = {isa = PBXBuildFile; fileRef = 4936CC061E6FBE1E0001C2B1 /* TableViewCell2.xib */; };
		4936CC0A1E6FCD3F0001C2B1 /* EventDetailsViewController.swift in Sources */ = {isa = PBXBuildFile; fileRef = 4936CC091E6FCD3F0001C2B1 /* EventDetailsViewController.swift */; };
		495F589A1E69794100709A39 /* MenuViewController.swift in Sources */ = {isa = PBXBuildFile; fileRef = 495F58991E69794100709A39 /* MenuViewController.swift */; };
		495F58A01E697B6700709A39 /* MenuCell.swift in Sources */ = {isa = PBXBuildFile; fileRef = 495F589F1E697B6700709A39 /* MenuCell.swift */; };
		49C193151E6E932600D3B0F6 /* DoctorHomeViewController.swift in Sources */ = {isa = PBXBuildFile; fileRef = 49C193141E6E932600D3B0F6 /* DoctorHomeViewController.swift */; };
		49C193171E6E935500D3B0F6 /* DoctorHome.storyboard in Resources */ = {isa = PBXBuildFile; fileRef = 49C193161E6E935500D3B0F6 /* DoctorHome.storyboard */; };
		49C1931C1E6EAD9200D3B0F6 /* Menu2ViewController.swift in Sources */ = {isa = PBXBuildFile; fileRef = 49C1931B1E6EAD9200D3B0F6 /* Menu2ViewController.swift */; };
		8A23CD531E67CB0E00F8C60C /* MapKit.framework in Frameworks */ = {isa = PBXBuildFile; fileRef = 8A23CD521E67CB0E00F8C60C /* MapKit.framework */; };
		8AA8FC6D1E6EAFBF00223778 /* AppointmentViewController.swift in Sources */ = {isa = PBXBuildFile; fileRef = 8AA8FC6C1E6EAFBF00223778 /* AppointmentViewController.swift */; };
		8AA8FC6F1E6EC39B00223778 /* User.swift in Sources */ = {isa = PBXBuildFile; fileRef = 8AA8FC6E1E6EC39A00223778 /* User.swift */; };
		8AA8FC711E6EC9AF00223778 /* Appointment.swift in Sources */ = {isa = PBXBuildFile; fileRef = 8AA8FC701E6EC9AF00223778 /* Appointment.swift */; };
		8AD1C8B71E66B31B00D34CCE /* AppDelegate.swift in Sources */ = {isa = PBXBuildFile; fileRef = 8AD1C8B61E66B31B00D34CCE /* AppDelegate.swift */; };
		8AD1C8BC1E66B31F00D34CCE /* Main.storyboard in Resources */ = {isa = PBXBuildFile; fileRef = 8AD1C8BA1E66B31F00D34CCE /* Main.storyboard */; };
		8AD1C8BE1E66B31F00D34CCE /* Assets.xcassets in Resources */ = {isa = PBXBuildFile; fileRef = 8AD1C8BD1E66B31F00D34CCE /* Assets.xcassets */; };
		8ADD723B1E67CB6D00DCADB9 /* CoreLocation.framework in Frameworks */ = {isa = PBXBuildFile; fileRef = 8ADD723A1E67CB6D00DCADB9 /* CoreLocation.framework */; };
		8ADD723D1E681CF900DCADB9 /* Doctor.swift in Sources */ = {isa = PBXBuildFile; fileRef = 8ADD723C1E681CF900DCADB9 /* Doctor.swift */; };
		8AE4EEE91E66F5F2004106C3 /* GoogleService-Info.plist in Resources */ = {isa = PBXBuildFile; fileRef = 8AE4EEE81E66F5F1004106C3 /* GoogleService-Info.plist */; };
		A111F1AB1E66DABB0012270F /* SignUpController.swift in Sources */ = {isa = PBXBuildFile; fileRef = A111F1AA1E66DABB0012270F /* SignUpController.swift */; };
		A111F1AD1E66DAD40012270F /* LogInController.swift in Sources */ = {isa = PBXBuildFile; fileRef = A111F1AC1E66DAD40012270F /* LogInController.swift */; };
		A111F1B41E66E2B50012270F /* Home.storyboard in Resources */ = {isa = PBXBuildFile; fileRef = A111F1B31E66E2B50012270F /* Home.storyboard */; };
		A111F1B61E66E2CB0012270F /* HomeViewController.swift in Sources */ = {isa = PBXBuildFile; fileRef = A111F1B51E66E2CB0012270F /* HomeViewController.swift */; };
		A111F1B91E66E2FB0012270F /* TableViewCell.swift in Sources */ = {isa = PBXBuildFile; fileRef = A111F1B71E66E2FB0012270F /* TableViewCell.swift */; };
		A111F1BA1E66E2FB0012270F /* TableViewCell.xib in Resources */ = {isa = PBXBuildFile; fileRef = A111F1B81E66E2FB0012270F /* TableViewCell.xib */; };
		A111F1BF1E66E3FA0012270F /* Request.storyboard in Resources */ = {isa = PBXBuildFile; fileRef = A111F1BE1E66E3FA0012270F /* Request.storyboard */; };
		A111F1C11E66E45E0012270F /* MapViewController.swift in Sources */ = {isa = PBXBuildFile; fileRef = A111F1C01E66E45E0012270F /* MapViewController.swift */; };
		A111F1C31E66E4790012270F /* DescriptionViewController.swift in Sources */ = {isa = PBXBuildFile; fileRef = A111F1C21E66E4790012270F /* DescriptionViewController.swift */; };
		A126D6991E6C64BA004CFFFF /* AuthController.swift in Sources */ = {isa = PBXBuildFile; fileRef = A126D6981E6C64BA004CFFFF /* AuthController.swift */; };
		A13017081E702B6100FA7AA1 /* SWRevealViewController.m in Sources */ = {isa = PBXBuildFile; fileRef = A13017071E702B6100FA7AA1 /* SWRevealViewController.m */; };
		A142A5521E6EBB3D0041EBAB /* SignUpFormController.swift in Sources */ = {isa = PBXBuildFile; fileRef = A142A5511E6EBB3D0041EBAB /* SignUpFormController.swift */; };
		A161AEDE1E67D4530071931D /* LaunchScreen.storyboard in Resources */ = {isa = PBXBuildFile; fileRef = A161AEDC1E67D4530071931D /* LaunchScreen.storyboard */; };
		A161AEE41E67DB050071931D /* ArcLayer.swift in Sources */ = {isa = PBXBuildFile; fileRef = A161AEDF1E67DB050071931D /* ArcLayer.swift */; };
		A161AEE51E67DB050071931D /* HolderView.swift in Sources */ = {isa = PBXBuildFile; fileRef = A161AEE01E67DB050071931D /* HolderView.swift */; };
		A161AEE61E67DB050071931D /* OvalLayer.swift in Sources */ = {isa = PBXBuildFile; fileRef = A161AEE11E67DB050071931D /* OvalLayer.swift */; };
		A161AEE71E67DB050071931D /* RectangleLayer.swift in Sources */ = {isa = PBXBuildFile; fileRef = A161AEE21E67DB050071931D /* RectangleLayer.swift */; };
		A161AEE81E67DB050071931D /* TriangleLayer.swift in Sources */ = {isa = PBXBuildFile; fileRef = A161AEE31E67DB050071931D /* TriangleLayer.swift */; };
		A161AEEC1E6824B90071931D /* LaunchyController.swift in Sources */ = {isa = PBXBuildFile; fileRef = A161AEEB1E6824B90071931D /* LaunchyController.swift */; };
		A161AEEE1E683A190071931D /* railway.gif in Resources */ = {isa = PBXBuildFile; fileRef = A161AEED1E683A190071931D /* railway.gif */; };
		A161AEF11E6843680071931D /* WebViewContent.html in Resources */ = {isa = PBXBuildFile; fileRef = A161AEF01E6843680071931D /* WebViewContent.html */; };
		CCD47C2E39520C84A8825D7C /* Pods_Doctor4All.framework in Frameworks */ = {isa = PBXBuildFile; fileRef = A760F1A6AD20A8285B577BC5 /* Pods_Doctor4All.framework */; };
/* End PBXBuildFile section */

/* Begin PBXFileReference section */
		05DE214A62E45574626B1C26 /* Pods-Doctor4All.debug.xcconfig */ = {isa = PBXFileReference; includeInIndex = 1; lastKnownFileType = text.xcconfig; name = "Pods-Doctor4All.debug.xcconfig"; path = "Pods/Target Support Files/Pods-Doctor4All/Pods-Doctor4All.debug.xcconfig"; sourceTree = "<group>"; };
		4936CC051E6FBE1E0001C2B1 /* TableViewCell2.swift */ = {isa = PBXFileReference; fileEncoding = 4; lastKnownFileType = sourcecode.swift; path = TableViewCell2.swift; sourceTree = "<group>"; };
		4936CC061E6FBE1E0001C2B1 /* TableViewCell2.xib */ = {isa = PBXFileReference; fileEncoding = 4; lastKnownFileType = file.xib; path = TableViewCell2.xib; sourceTree = "<group>"; };
		4936CC091E6FCD3F0001C2B1 /* EventDetailsViewController.swift */ = {isa = PBXFileReference; fileEncoding = 4; lastKnownFileType = sourcecode.swift; path = EventDetailsViewController.swift; sourceTree = "<group>"; };
		495F58731E69576000709A39 /* Doctor4All-Bridging-Header.h */ = {isa = PBXFileReference; lastKnownFileType = sourcecode.c.h; path = "Doctor4All-Bridging-Header.h"; sourceTree = "<group>"; };
		495F58991E69794100709A39 /* MenuViewController.swift */ = {isa = PBXFileReference; fileEncoding = 4; lastKnownFileType = sourcecode.swift; path = MenuViewController.swift; sourceTree = "<group>"; };
		495F589F1E697B6700709A39 /* MenuCell.swift */ = {isa = PBXFileReference; fileEncoding = 4; lastKnownFileType = sourcecode.swift; path = MenuCell.swift; sourceTree = "<group>"; };
		49C193141E6E932600D3B0F6 /* DoctorHomeViewController.swift */ = {isa = PBXFileReference; fileEncoding = 4; lastKnownFileType = sourcecode.swift; path = DoctorHomeViewController.swift; sourceTree = "<group>"; };
		49C193161E6E935500D3B0F6 /* DoctorHome.storyboard */ = {isa = PBXFileReference; fileEncoding = 4; lastKnownFileType = file.storyboard; path = DoctorHome.storyboard; sourceTree = "<group>"; };
		49C1931B1E6EAD9200D3B0F6 /* Menu2ViewController.swift */ = {isa = PBXFileReference; fileEncoding = 4; lastKnownFileType = sourcecode.swift; path = Menu2ViewController.swift; sourceTree = "<group>"; };
		8A23CD521E67CB0E00F8C60C /* MapKit.framework */ = {isa = PBXFileReference; lastKnownFileType = wrapper.framework; name = MapKit.framework; path = System/Library/Frameworks/MapKit.framework; sourceTree = SDKROOT; };
		8AA8FC6C1E6EAFBF00223778 /* AppointmentViewController.swift */ = {isa = PBXFileReference; fileEncoding = 4; lastKnownFileType = sourcecode.swift; path = AppointmentViewController.swift; sourceTree = "<group>"; };
		8AA8FC6E1E6EC39A00223778 /* User.swift */ = {isa = PBXFileReference; fileEncoding = 4; lastKnownFileType = sourcecode.swift; path = User.swift; sourceTree = "<group>"; };
		8AA8FC701E6EC9AF00223778 /* Appointment.swift */ = {isa = PBXFileReference; fileEncoding = 4; lastKnownFileType = sourcecode.swift; path = Appointment.swift; sourceTree = "<group>"; };
		8AD1C8B31E66B31900D34CCE /* Doctor4All.app */ = {isa = PBXFileReference; explicitFileType = wrapper.application; includeInIndex = 0; path = Doctor4All.app; sourceTree = BUILT_PRODUCTS_DIR; };
		8AD1C8B61E66B31B00D34CCE /* AppDelegate.swift */ = {isa = PBXFileReference; lastKnownFileType = sourcecode.swift; path = AppDelegate.swift; sourceTree = "<group>"; };
		8AD1C8BB1E66B31F00D34CCE /* Base */ = {isa = PBXFileReference; lastKnownFileType = file.storyboard; name = Base; path = Base.lproj/Main.storyboard; sourceTree = "<group>"; };
		8AD1C8BD1E66B31F00D34CCE /* Assets.xcassets */ = {isa = PBXFileReference; lastKnownFileType = folder.assetcatalog; path = Assets.xcassets; sourceTree = "<group>"; };
		8AD1C8C21E66B32000D34CCE /* Info.plist */ = {isa = PBXFileReference; lastKnownFileType = text.plist.xml; path = Info.plist; sourceTree = "<group>"; };
		8ADD723A1E67CB6D00DCADB9 /* CoreLocation.framework */ = {isa = PBXFileReference; lastKnownFileType = wrapper.framework; name = CoreLocation.framework; path = System/Library/Frameworks/CoreLocation.framework; sourceTree = SDKROOT; };
		8ADD723C1E681CF900DCADB9 /* Doctor.swift */ = {isa = PBXFileReference; fileEncoding = 4; lastKnownFileType = sourcecode.swift; path = Doctor.swift; sourceTree = "<group>"; };
		8AE4EEE81E66F5F1004106C3 /* GoogleService-Info.plist */ = {isa = PBXFileReference; fileEncoding = 4; lastKnownFileType = text.plist.xml; path = "GoogleService-Info.plist"; sourceTree = "<group>"; };
		A111F1AA1E66DABB0012270F /* SignUpController.swift */ = {isa = PBXFileReference; fileEncoding = 4; lastKnownFileType = sourcecode.swift; path = SignUpController.swift; sourceTree = "<group>"; };
		A111F1AC1E66DAD40012270F /* LogInController.swift */ = {isa = PBXFileReference; fileEncoding = 4; lastKnownFileType = sourcecode.swift; path = LogInController.swift; sourceTree = "<group>"; };
		A111F1B31E66E2B50012270F /* Home.storyboard */ = {isa = PBXFileReference; fileEncoding = 4; lastKnownFileType = file.storyboard; path = Home.storyboard; sourceTree = "<group>"; };
		A111F1B51E66E2CB0012270F /* HomeViewController.swift */ = {isa = PBXFileReference; fileEncoding = 4; lastKnownFileType = sourcecode.swift; path = HomeViewController.swift; sourceTree = "<group>"; };
		A111F1B71E66E2FB0012270F /* TableViewCell.swift */ = {isa = PBXFileReference; fileEncoding = 4; lastKnownFileType = sourcecode.swift; path = TableViewCell.swift; sourceTree = "<group>"; };
		A111F1B81E66E2FB0012270F /* TableViewCell.xib */ = {isa = PBXFileReference; fileEncoding = 4; lastKnownFileType = file.xib; path = TableViewCell.xib; sourceTree = "<group>"; };
		A111F1BE1E66E3FA0012270F /* Request.storyboard */ = {isa = PBXFileReference; fileEncoding = 4; lastKnownFileType = file.storyboard; path = Request.storyboard; sourceTree = "<group>"; };
		A111F1C01E66E45E0012270F /* MapViewController.swift */ = {isa = PBXFileReference; fileEncoding = 4; lastKnownFileType = sourcecode.swift; path = MapViewController.swift; sourceTree = "<group>"; };
		A111F1C21E66E4790012270F /* DescriptionViewController.swift */ = {isa = PBXFileReference; fileEncoding = 4; lastKnownFileType = sourcecode.swift; path = DescriptionViewController.swift; sourceTree = "<group>"; };
		A126D6981E6C64BA004CFFFF /* AuthController.swift */ = {isa = PBXFileReference; fileEncoding = 4; lastKnownFileType = sourcecode.swift; path = AuthController.swift; sourceTree = "<group>"; };
		A13017061E702B6100FA7AA1 /* SWRevealViewController.h */ = {isa = PBXFileReference; fileEncoding = 4; lastKnownFileType = sourcecode.c.h; path = SWRevealViewController.h; sourceTree = "<group>"; };
		A13017071E702B6100FA7AA1 /* SWRevealViewController.m */ = {isa = PBXFileReference; fileEncoding = 4; lastKnownFileType = sourcecode.c.objc; path = SWRevealViewController.m; sourceTree = "<group>"; };
		A142A5511E6EBB3D0041EBAB /* SignUpFormController.swift */ = {isa = PBXFileReference; fileEncoding = 4; lastKnownFileType = sourcecode.swift; path = SignUpFormController.swift; sourceTree = "<group>"; };
		A161AEDD1E67D4530071931D /* Base */ = {isa = PBXFileReference; lastKnownFileType = file.storyboard; name = Base; path = Base.lproj/LaunchScreen.storyboard; sourceTree = "<group>"; };
		A161AEDF1E67DB050071931D /* ArcLayer.swift */ = {isa = PBXFileReference; fileEncoding = 4; lastKnownFileType = sourcecode.swift; path = ArcLayer.swift; sourceTree = "<group>"; };
		A161AEE01E67DB050071931D /* HolderView.swift */ = {isa = PBXFileReference; fileEncoding = 4; lastKnownFileType = sourcecode.swift; path = HolderView.swift; sourceTree = "<group>"; };
		A161AEE11E67DB050071931D /* OvalLayer.swift */ = {isa = PBXFileReference; fileEncoding = 4; lastKnownFileType = sourcecode.swift; path = OvalLayer.swift; sourceTree = "<group>"; };
		A161AEE21E67DB050071931D /* RectangleLayer.swift */ = {isa = PBXFileReference; fileEncoding = 4; lastKnownFileType = sourcecode.swift; path = RectangleLayer.swift; sourceTree = "<group>"; };
		A161AEE31E67DB050071931D /* TriangleLayer.swift */ = {isa = PBXFileReference; fileEncoding = 4; lastKnownFileType = sourcecode.swift; path = TriangleLayer.swift; sourceTree = "<group>"; };
		A161AEEB1E6824B90071931D /* LaunchyController.swift */ = {isa = PBXFileReference; fileEncoding = 4; lastKnownFileType = sourcecode.swift; path = LaunchyController.swift; sourceTree = "<group>"; };
		A161AEED1E683A190071931D /* railway.gif */ = {isa = PBXFileReference; lastKnownFileType = image.gif; path = railway.gif; sourceTree = "<group>"; };
		A161AEF01E6843680071931D /* WebViewContent.html */ = {isa = PBXFileReference; fileEncoding = 4; lastKnownFileType = text.html; path = WebViewContent.html; sourceTree = "<group>"; };
		A760F1A6AD20A8285B577BC5 /* Pods_Doctor4All.framework */ = {isa = PBXFileReference; explicitFileType = wrapper.framework; includeInIndex = 0; path = Pods_Doctor4All.framework; sourceTree = BUILT_PRODUCTS_DIR; };
		C14CB943437732104E78B14D /* Pods-Doctor4All.release.xcconfig */ = {isa = PBXFileReference; includeInIndex = 1; lastKnownFileType = text.xcconfig; name = "Pods-Doctor4All.release.xcconfig"; path = "Pods/Target Support Files/Pods-Doctor4All/Pods-Doctor4All.release.xcconfig"; sourceTree = "<group>"; };
/* End PBXFileReference section */

/* Begin PBXFrameworksBuildPhase section */
		8AD1C8B01E66B31200D34CCE /* Frameworks */ = {
			isa = PBXFrameworksBuildPhase;
			buildActionMask = 2147483647;
			files = (
				8ADD723B1E67CB6D00DCADB9 /* CoreLocation.framework in Frameworks */,
				8A23CD531E67CB0E00F8C60C /* MapKit.framework in Frameworks */,
				CCD47C2E39520C84A8825D7C /* Pods_Doctor4All.framework in Frameworks */,
			);
			runOnlyForDeploymentPostprocessing = 0;
		};
/* End PBXFrameworksBuildPhase section */

/* Begin PBXGroup section */
		484A76D608F0C379E0F658CD /* Frameworks */ = {
			isa = PBXGroup;
			children = (
				8ADD723A1E67CB6D00DCADB9 /* CoreLocation.framework */,
				8A23CD521E67CB0E00F8C60C /* MapKit.framework */,
				A760F1A6AD20A8285B577BC5 /* Pods_Doctor4All.framework */,
			);
			name = Frameworks;
			sourceTree = "<group>";
		};
		49C193131E6E928900D3B0F6 /* DoctorHome */ = {
			isa = PBXGroup;
			children = (
				49C193161E6E935500D3B0F6 /* DoctorHome.storyboard */,
				49C193141E6E932600D3B0F6 /* DoctorHomeViewController.swift */,
				4936CC091E6FCD3F0001C2B1 /* EventDetailsViewController.swift */,
				4936CC051E6FBE1E0001C2B1 /* TableViewCell2.swift */,
				4936CC061E6FBE1E0001C2B1 /* TableViewCell2.xib */,
				49C1931B1E6EAD9200D3B0F6 /* Menu2ViewController.swift */,
			);
			name = DoctorHome;
			sourceTree = "<group>";
		};
		8AD1C8AA1E66B31000D34CCE = {
			isa = PBXGroup;
			children = (
				8AD1C8B51E66B31900D34CCE /* Doctor4All */,
				8AD1C8B41E66B31900D34CCE /* Products */,
				9AFDDABDCC5CB348E776A3A8 /* Pods */,
				484A76D608F0C379E0F658CD /* Frameworks */,
			);
			sourceTree = "<group>";
		};
		8AD1C8B41E66B31900D34CCE /* Products */ = {
			isa = PBXGroup;
			children = (
				8AD1C8B31E66B31900D34CCE /* Doctor4All.app */,
			);
			name = Products;
			sourceTree = "<group>";
		};
		8AD1C8B51E66B31900D34CCE /* Doctor4All */ = {
			isa = PBXGroup;
			children = (
				A111F1BC1E66E3630012270F /* Supports */,
				A111F1AE1E66DE6B0012270F /* Authentication */,
				A111F1BB1E66E32F0012270F /* Home */,
				A111F1BD1E66E3B90012270F /* Request */,
			);
			path = Doctor4All;
			sourceTree = "<group>";
		};
		9AFDDABDCC5CB348E776A3A8 /* Pods */ = {
			isa = PBXGroup;
			children = (
				05DE214A62E45574626B1C26 /* Pods-Doctor4All.debug.xcconfig */,
				C14CB943437732104E78B14D /* Pods-Doctor4All.release.xcconfig */,
			);
			name = Pods;
			sourceTree = "<group>";
		};
		A111F1AE1E66DE6B0012270F /* Authentication */ = {
			isa = PBXGroup;
			children = (
				A161AEEA1E67DB2E0071931D /* Loader View */,
				8AD1C8BA1E66B31F00D34CCE /* Main.storyboard */,
				A126D6981E6C64BA004CFFFF /* AuthController.swift */,
				A111F1AA1E66DABB0012270F /* SignUpController.swift */,
				A142A5511E6EBB3D0041EBAB /* SignUpFormController.swift */,
				A111F1AC1E66DAD40012270F /* LogInController.swift */,
				A161AEF01E6843680071931D /* WebViewContent.html */,
				A161AEEF1E683A1E0071931D /* Images */,
			);
			name = Authentication;
			sourceTree = "<group>";
		};
		A111F1BB1E66E32F0012270F /* Home */ = {
			isa = PBXGroup;
			children = (
				A111F1B31E66E2B50012270F /* Home.storyboard */,
				A111F1B51E66E2CB0012270F /* HomeViewController.swift */,
				495F58991E69794100709A39 /* MenuViewController.swift */,
				495F589F1E697B6700709A39 /* MenuCell.swift */,
				A111F1B71E66E2FB0012270F /* TableViewCell.swift */,
				A111F1B81E66E2FB0012270F /* TableViewCell.xib */,
				A13017061E702B6100FA7AA1 /* SWRevealViewController.h */,
				A13017071E702B6100FA7AA1 /* SWRevealViewController.m */,
				495F58731E69576000709A39 /* Doctor4All-Bridging-Header.h */,
				49C193131E6E928900D3B0F6 /* DoctorHome */,
			);
			name = Home;
			sourceTree = "<group>";
		};
		A111F1BC1E66E3630012270F /* Supports */ = {
			isa = PBXGroup;
			children = (
				8AD1C8B61E66B31B00D34CCE /* AppDelegate.swift */,
				8AD1C8BD1E66B31F00D34CCE /* Assets.xcassets */,
				8AE4EEE81E66F5F1004106C3 /* GoogleService-Info.plist */,
				8AD1C8C21E66B32000D34CCE /* Info.plist */,
			);
			name = Supports;
			sourceTree = "<group>";
		};
		A111F1BD1E66E3B90012270F /* Request */ = {
			isa = PBXGroup;
			children = (
				8AA8FC6E1E6EC39A00223778 /* User.swift */,
				8ADD723C1E681CF900DCADB9 /* Doctor.swift */,
				8AA8FC701E6EC9AF00223778 /* Appointment.swift */,
				A111F1C01E66E45E0012270F /* MapViewController.swift */,
				8AA8FC6C1E6EAFBF00223778 /* AppointmentViewController.swift */,
				A111F1C21E66E4790012270F /* DescriptionViewController.swift */,
				A111F1BE1E66E3FA0012270F /* Request.storyboard */,
			);
			name = Request;
			sourceTree = "<group>";
		};
		A142A5531E6F0A400041EBAB /* Class */ = {
			isa = PBXGroup;
			children = (
			);
			name = Class;
			sourceTree = "<group>";
		};
		A161AEE91E67DB100071931D /* Layers */ = {
			isa = PBXGroup;
			children = (
				A161AEDF1E67DB050071931D /* ArcLayer.swift */,
				A161AEE11E67DB050071931D /* OvalLayer.swift */,
				A161AEE21E67DB050071931D /* RectangleLayer.swift */,
				A161AEE31E67DB050071931D /* TriangleLayer.swift */,
			);
			name = Layers;
			sourceTree = "<group>";
		};
		A161AEEA1E67DB2E0071931D /* Loader View */ = {
			isa = PBXGroup;
			children = (
				A142A5531E6F0A400041EBAB /* Class */,
				A161AEDC1E67D4530071931D /* LaunchScreen.storyboard */,
				A161AEE01E67DB050071931D /* HolderView.swift */,
				A161AEEB1E6824B90071931D /* LaunchyController.swift */,
				A161AEE91E67DB100071931D /* Layers */,
			);
			name = "Loader View";
			sourceTree = "<group>";
		};
		A161AEEF1E683A1E0071931D /* Images */ = {
			isa = PBXGroup;
			children = (
				A161AEED1E683A190071931D /* railway.gif */,
			);
			name = Images;
			sourceTree = "<group>";
		};
/* End PBXGroup section */

/* Begin PBXNativeTarget section */
		8AD1C8B21E66B31200D34CCE /* Doctor4All */ = {
			isa = PBXNativeTarget;
			buildConfigurationList = 8AD1C8C51E66B32000D34CCE /* Build configuration list for PBXNativeTarget "Doctor4All" */;
			buildPhases = (
				5FDBDB32DDD0CC16DA7CB2E8 /* [CP] Check Pods Manifest.lock */,
				8AD1C8AF1E66B31200D34CCE /* Sources */,
				8AD1C8B01E66B31200D34CCE /* Frameworks */,
				8AD1C8B11E66B31200D34CCE /* Resources */,
				888E38CC63624460DEF27A29 /* [CP] Embed Pods Frameworks */,
				10183BA22F19829B5F3014FC /* [CP] Copy Pods Resources */,
			);
			buildRules = (
			);
			dependencies = (
			);
			name = Doctor4All;
			productName = Doctor4All;
			productReference = 8AD1C8B31E66B31900D34CCE /* Doctor4All.app */;
			productType = "com.apple.product-type.application";
		};
/* End PBXNativeTarget section */

/* Begin PBXProject section */
		8AD1C8AB1E66B31000D34CCE /* Project object */ = {
			isa = PBXProject;
			attributes = {
				LastSwiftUpdateCheck = 0820;
				LastUpgradeCheck = 0820;
				ORGANIZATIONNAME = NextAcademy;
				TargetAttributes = {
					8AD1C8B21E66B31200D34CCE = {
						CreatedOnToolsVersion = 8.2.1;
						DevelopmentTeam = H743MSM342;
						LastSwiftMigration = 0820;
						ProvisioningStyle = Automatic;
					};
				};
			};
			buildConfigurationList = 8AD1C8AE1E66B31100D34CCE /* Build configuration list for PBXProject "Doctor4All" */;
			compatibilityVersion = "Xcode 3.2";
			developmentRegion = English;
			hasScannedForEncodings = 0;
			knownRegions = (
				en,
				Base,
			);
			mainGroup = 8AD1C8AA1E66B31000D34CCE;
			productRefGroup = 8AD1C8B41E66B31900D34CCE /* Products */;
			projectDirPath = "";
			projectRoot = "";
			targets = (
				8AD1C8B21E66B31200D34CCE /* Doctor4All */,
			);
		};
/* End PBXProject section */

/* Begin PBXResourcesBuildPhase section */
		8AD1C8B11E66B31200D34CCE /* Resources */ = {
			isa = PBXResourcesBuildPhase;
			buildActionMask = 2147483647;
			files = (
				A161AEEE1E683A190071931D /* railway.gif in Resources */,
				49C193171E6E935500D3B0F6 /* DoctorHome.storyboard in Resources */,
				A111F1BF1E66E3FA0012270F /* Request.storyboard in Resources */,
				A111F1BA1E66E2FB0012270F /* TableViewCell.xib in Resources */,
				A161AEF11E6843680071931D /* WebViewContent.html in Resources */,
				4936CC081E6FBE1E0001C2B1 /* TableViewCell2.xib in Resources */,
				A111F1B41E66E2B50012270F /* Home.storyboard in Resources */,
				8AD1C8BE1E66B31F00D34CCE /* Assets.xcassets in Resources */,
				A161AEDE1E67D4530071931D /* LaunchScreen.storyboard in Resources */,
				8AD1C8BC1E66B31F00D34CCE /* Main.storyboard in Resources */,
				8AE4EEE91E66F5F2004106C3 /* GoogleService-Info.plist in Resources */,
			);
			runOnlyForDeploymentPostprocessing = 0;
		};
/* End PBXResourcesBuildPhase section */

/* Begin PBXShellScriptBuildPhase section */
		10183BA22F19829B5F3014FC /* [CP] Copy Pods Resources */ = {
			isa = PBXShellScriptBuildPhase;
			buildActionMask = 2147483647;
			files = (
			);
			inputPaths = (
			);
			name = "[CP] Copy Pods Resources";
			outputPaths = (
			);
			runOnlyForDeploymentPostprocessing = 0;
			shellPath = /bin/sh;
			shellScript = "\"${SRCROOT}/Pods/Target Support Files/Pods-Doctor4All/Pods-Doctor4All-resources.sh\"\n";
			showEnvVarsInLog = 0;
		};
		5FDBDB32DDD0CC16DA7CB2E8 /* [CP] Check Pods Manifest.lock */ = {
			isa = PBXShellScriptBuildPhase;
			buildActionMask = 2147483647;
			files = (
			);
			inputPaths = (
			);
			name = "[CP] Check Pods Manifest.lock";
			outputPaths = (
			);
			runOnlyForDeploymentPostprocessing = 0;
			shellPath = /bin/sh;
			shellScript = "diff \"${PODS_ROOT}/../Podfile.lock\" \"${PODS_ROOT}/Manifest.lock\" > /dev/null\nif [ $? != 0 ] ; then\n    # print error to STDERR\n    echo \"error: The sandbox is not in sync with the Podfile.lock. Run 'pod install' or update your CocoaPods installation.\" >&2\n    exit 1\nfi\n";
			showEnvVarsInLog = 0;
		};
		888E38CC63624460DEF27A29 /* [CP] Embed Pods Frameworks */ = {
			isa = PBXShellScriptBuildPhase;
			buildActionMask = 2147483647;
			files = (
			);
			inputPaths = (
			);
			name = "[CP] Embed Pods Frameworks";
			outputPaths = (
			);
			runOnlyForDeploymentPostprocessing = 0;
			shellPath = /bin/sh;
			shellScript = "\"${SRCROOT}/Pods/Target Support Files/Pods-Doctor4All/Pods-Doctor4All-frameworks.sh\"\n";
			showEnvVarsInLog = 0;
		};
/* End PBXShellScriptBuildPhase section */

/* Begin PBXSourcesBuildPhase section */
		8AD1C8AF1E66B31200D34CCE /* Sources */ = {
			isa = PBXSourcesBuildPhase;
			buildActionMask = 2147483647;
			files = (
				A161AEEC1E6824B90071931D /* LaunchyController.swift in Sources */,
				8AA8FC6D1E6EAFBF00223778 /* AppointmentViewController.swift in Sources */,
				4936CC071E6FBE1E0001C2B1 /* TableViewCell2.swift in Sources */,
				A111F1B61E66E2CB0012270F /* HomeViewController.swift in Sources */,
				A111F1AB1E66DABB0012270F /* SignUpController.swift in Sources */,
				A13017081E702B6100FA7AA1 /* SWRevealViewController.m in Sources */,
				A161AEE71E67DB050071931D /* RectangleLayer.swift in Sources */,
				A161AEE41E67DB050071931D /* ArcLayer.swift in Sources */,
				A126D6991E6C64BA004CFFFF /* AuthController.swift in Sources */,
				A142A5521E6EBB3D0041EBAB /* SignUpFormController.swift in Sources */,
				495F58A01E697B6700709A39 /* MenuCell.swift in Sources */,
				4936CC0A1E6FCD3F0001C2B1 /* EventDetailsViewController.swift in Sources */,
				8AA8FC711E6EC9AF00223778 /* Appointment.swift in Sources */,
				A111F1B91E66E2FB0012270F /* TableViewCell.swift in Sources */,
				A161AEE61E67DB050071931D /* OvalLayer.swift in Sources */,
				49C193151E6E932600D3B0F6 /* DoctorHomeViewController.swift in Sources */,
				A111F1AD1E66DAD40012270F /* LogInController.swift in Sources */,
				495F589A1E69794100709A39 /* MenuViewController.swift in Sources */,
				A111F1C31E66E4790012270F /* DescriptionViewController.swift in Sources */,
				49C1931C1E6EAD9200D3B0F6 /* Menu2ViewController.swift in Sources */,
				8ADD723D1E681CF900DCADB9 /* Doctor.swift in Sources */,
				8AD1C8B71E66B31B00D34CCE /* AppDelegate.swift in Sources */,
				A161AEE51E67DB050071931D /* HolderView.swift in Sources */,
				A111F1C11E66E45E0012270F /* MapViewController.swift in Sources */,
				A161AEE81E67DB050071931D /* TriangleLayer.swift in Sources */,
				8AA8FC6F1E6EC39B00223778 /* User.swift in Sources */,
			);
			runOnlyForDeploymentPostprocessing = 0;
		};
/* End PBXSourcesBuildPhase section */

/* Begin PBXVariantGroup section */
		8AD1C8BA1E66B31F00D34CCE /* Main.storyboard */ = {
			isa = PBXVariantGroup;
			children = (
				8AD1C8BB1E66B31F00D34CCE /* Base */,
			);
			name = Main.storyboard;
			sourceTree = "<group>";
		};
		A161AEDC1E67D4530071931D /* LaunchScreen.storyboard */ = {
			isa = PBXVariantGroup;
			children = (
				A161AEDD1E67D4530071931D /* Base */,
			);
			name = LaunchScreen.storyboard;
			sourceTree = "<group>";
		};
/* End PBXVariantGroup section */

/* Begin XCBuildConfiguration section */
		8AD1C8C31E66B32000D34CCE /* Debug */ = {
			isa = XCBuildConfiguration;
			buildSettings = {
				ALWAYS_SEARCH_USER_PATHS = NO;
				CLANG_ANALYZER_NONNULL = YES;
				CLANG_CXX_LANGUAGE_STANDARD = "gnu++0x";
				CLANG_CXX_LIBRARY = "libc++";
				CLANG_ENABLE_MODULES = YES;
				CLANG_ENABLE_OBJC_ARC = YES;
				CLANG_WARN_BOOL_CONVERSION = YES;
				CLANG_WARN_CONSTANT_CONVERSION = YES;
				CLANG_WARN_DIRECT_OBJC_ISA_USAGE = YES_ERROR;
				CLANG_WARN_DOCUMENTATION_COMMENTS = YES;
				CLANG_WARN_EMPTY_BODY = YES;
				CLANG_WARN_ENUM_CONVERSION = YES;
				CLANG_WARN_INFINITE_RECURSION = YES;
				CLANG_WARN_INT_CONVERSION = YES;
				CLANG_WARN_OBJC_ROOT_CLASS = YES_ERROR;
				CLANG_WARN_SUSPICIOUS_MOVE = YES;
				CLANG_WARN_UNREACHABLE_CODE = YES;
				CLANG_WARN__DUPLICATE_METHOD_MATCH = YES;
				"CODE_SIGN_IDENTITY[sdk=iphoneos*]" = "iPhone Developer";
				COPY_PHASE_STRIP = NO;
				DEBUG_INFORMATION_FORMAT = dwarf;
				ENABLE_STRICT_OBJC_MSGSEND = YES;
				ENABLE_TESTABILITY = YES;
				GCC_C_LANGUAGE_STANDARD = gnu99;
				GCC_DYNAMIC_NO_PIC = NO;
				GCC_NO_COMMON_BLOCKS = YES;
				GCC_OPTIMIZATION_LEVEL = 0;
				GCC_PREPROCESSOR_DEFINITIONS = (
					"DEBUG=1",
					"$(inherited)",
				);
				GCC_WARN_64_TO_32_BIT_CONVERSION = YES;
				GCC_WARN_ABOUT_RETURN_TYPE = YES_ERROR;
				GCC_WARN_UNDECLARED_SELECTOR = YES;
				GCC_WARN_UNINITIALIZED_AUTOS = YES_AGGRESSIVE;
				GCC_WARN_UNUSED_FUNCTION = YES;
				GCC_WARN_UNUSED_VARIABLE = YES;
				IPHONEOS_DEPLOYMENT_TARGET = 10.2;
				MTL_ENABLE_DEBUG_INFO = YES;
				ONLY_ACTIVE_ARCH = YES;
				SDKROOT = iphoneos;
				SWIFT_ACTIVE_COMPILATION_CONDITIONS = DEBUG;
				SWIFT_OPTIMIZATION_LEVEL = "-Onone";
			};
			name = Debug;
		};
		8AD1C8C41E66B32000D34CCE /* Release */ = {
			isa = XCBuildConfiguration;
			buildSettings = {
				ALWAYS_SEARCH_USER_PATHS = NO;
				CLANG_ANALYZER_NONNULL = YES;
				CLANG_CXX_LANGUAGE_STANDARD = "gnu++0x";
				CLANG_CXX_LIBRARY = "libc++";
				CLANG_ENABLE_MODULES = YES;
				CLANG_ENABLE_OBJC_ARC = YES;
				CLANG_WARN_BOOL_CONVERSION = YES;
				CLANG_WARN_CONSTANT_CONVERSION = YES;
				CLANG_WARN_DIRECT_OBJC_ISA_USAGE = YES_ERROR;
				CLANG_WARN_DOCUMENTATION_COMMENTS = YES;
				CLANG_WARN_EMPTY_BODY = YES;
				CLANG_WARN_ENUM_CONVERSION = YES;
				CLANG_WARN_INFINITE_RECURSION = YES;
				CLANG_WARN_INT_CONVERSION = YES;
				CLANG_WARN_OBJC_ROOT_CLASS = YES_ERROR;
				CLANG_WARN_SUSPICIOUS_MOVE = YES;
				CLANG_WARN_UNREACHABLE_CODE = YES;
				CLANG_WARN__DUPLICATE_METHOD_MATCH = YES;
				"CODE_SIGN_IDENTITY[sdk=iphoneos*]" = "iPhone Developer";
				COPY_PHASE_STRIP = NO;
				DEBUG_INFORMATION_FORMAT = "dwarf-with-dsym";
				ENABLE_NS_ASSERTIONS = NO;
				ENABLE_STRICT_OBJC_MSGSEND = YES;
				GCC_C_LANGUAGE_STANDARD = gnu99;
				GCC_NO_COMMON_BLOCKS = YES;
				GCC_WARN_64_TO_32_BIT_CONVERSION = YES;
				GCC_WARN_ABOUT_RETURN_TYPE = YES_ERROR;
				GCC_WARN_UNDECLARED_SELECTOR = YES;
				GCC_WARN_UNINITIALIZED_AUTOS = YES_AGGRESSIVE;
				GCC_WARN_UNUSED_FUNCTION = YES;
				GCC_WARN_UNUSED_VARIABLE = YES;
				IPHONEOS_DEPLOYMENT_TARGET = 10.2;
				MTL_ENABLE_DEBUG_INFO = NO;
				SDKROOT = iphoneos;
				SWIFT_OPTIMIZATION_LEVEL = "-Owholemodule";
				VALIDATE_PRODUCT = YES;
			};
			name = Release;
		};
		8AD1C8C61E66B32000D34CCE /* Debug */ = {
			isa = XCBuildConfiguration;
			baseConfigurationReference = 05DE214A62E45574626B1C26 /* Pods-Doctor4All.debug.xcconfig */;
			buildSettings = {
				ASSETCATALOG_COMPILER_APPICON_NAME = AppIcon;
				CLANG_ENABLE_MODULES = YES;
				DEVELOPMENT_TEAM = H743MSM342;
				INFOPLIST_FILE = Doctor4All/Info.plist;
				LD_RUNPATH_SEARCH_PATHS = "$(inherited) @executable_path/Frameworks";
				PRODUCT_BUNDLE_IDENTIFIER = com.charlesyangkai.Doctor4All;
				PRODUCT_NAME = "$(TARGET_NAME)";
				SWIFT_OBJC_BRIDGING_HEADER = "Doctor4All/Doctor4All-Bridging-Header.h";
				SWIFT_OPTIMIZATION_LEVEL = "-Onone";
				SWIFT_VERSION = 3.0;
			};
			name = Debug;
		};
		8AD1C8C71E66B32000D34CCE /* Release */ = {
			isa = XCBuildConfiguration;
			baseConfigurationReference = C14CB943437732104E78B14D /* Pods-Doctor4All.release.xcconfig */;
			buildSettings = {
				ASSETCATALOG_COMPILER_APPICON_NAME = AppIcon;
				CLANG_ENABLE_MODULES = YES;
				DEVELOPMENT_TEAM = H743MSM342;
				INFOPLIST_FILE = Doctor4All/Info.plist;
				LD_RUNPATH_SEARCH_PATHS = "$(inherited) @executable_path/Frameworks";
				PRODUCT_BUNDLE_IDENTIFIER = com.charlesyangkai.Doctor4All;
				PRODUCT_NAME = "$(TARGET_NAME)";
				SWIFT_OBJC_BRIDGING_HEADER = "Doctor4All/Doctor4All-Bridging-Header.h";
				SWIFT_VERSION = 3.0;
			};
			name = Release;
		};
/* End XCBuildConfiguration section */

/* Begin XCConfigurationList section */
		8AD1C8AE1E66B31100D34CCE /* Build configuration list for PBXProject "Doctor4All" */ = {
			isa = XCConfigurationList;
			buildConfigurations = (
				8AD1C8C31E66B32000D34CCE /* Debug */,
				8AD1C8C41E66B32000D34CCE /* Release */,
			);
			defaultConfigurationIsVisible = 0;
			defaultConfigurationName = Release;
		};
		8AD1C8C51E66B32000D34CCE /* Build configuration list for PBXNativeTarget "Doctor4All" */ = {
			isa = XCConfigurationList;
			buildConfigurations = (
				8AD1C8C61E66B32000D34CCE /* Debug */,
				8AD1C8C71E66B32000D34CCE /* Release */,
			);
			defaultConfigurationIsVisible = 0;
			defaultConfigurationName = Release;
		};
/* End XCConfigurationList section */
	};
	rootObject = 8AD1C8AB1E66B31000D34CCE /* Project object */;
}
